hash: 0a7acafde54860b15f960d597ee320493757d1be6c8849924c7ccdcb4f8eb6d0
updated: 2017-10-17T09:03:25.408181+04:00
imports:
- name: github.com/Sirupsen/logrus
  version: f006c2ac4710855cf0f916dd6b77acf6b048dc6e
- name: github.com/takama/router
  version: 0db9d28f71e2a29c7b82ea6a0851bb0dedeaf744
- name: golang.org/x/crypto
  version: 7d9177d70076375b9a59c8fde23d52d9c4a7ecd5
  subpackages:
  - ssh/terminal
- name: golang.org/x/sys
  version: 062cd7e4e68206d8bab9b18396626e855c992658
  subpackages:
  - unix
  - windows
- name: gopkg.in/mgo.v2
  version: 3f83fa5005286a7fe593b055f0d7771a7dce4655
  subpackages:
  - bson
  - internal/json
  - internal/sasl
  - internal/scram
testImports: []
